
Microsoft Visual Studio Solution File, Format Version 12.00
# Visual Studio Version 17
VisualStudioVersion = 17.4.33103.184
MinimumVisualStudioVersion = 10.0.40219.1
Project("{FAE04EC0-301F-11D3-BF4B-00C04F79EFBC}") = "OtelRezervasyon.UI", "OtelRezervasyon.UI\OtelRezervasyon.UI.csproj", "{12BA34D3-26AE-4569-9D34-408D12D341C5}"
EndProject
Global
	GlobalSection(SolutionConfigurationPlatforms) = preSolution
		Debug|Any CPU = Debug|Any CPU
		Release|Any CPU = Release|Any CPU
	EndGlobalSection
	GlobalSection(ProjectConfigurationPlatforms) = postSolution
		{12BA34D3-26AE-4569-9D34-408D12D341C5}.Debug|Any CPU.ActiveCfg = Debug|Any CPU
		{12BA34D3-26AE-4569-9D34-408D12D341C5}.Debug|Any CPU.Build.0 = Debug|Any CPU
		{12BA34D3-26AE-4569-9D34-408D12D341C5}.Release|Any CPU.ActiveCfg = Release|Any CPU
		{12BA34D3-26AE-4569-9D34-408D12D341C5}.Release|Any CPU.Build.0 = Release|Any CPU
	EndGlobalSection
	GlobalSection(SolutionProperties) = preSolution
		HideSolutionNode = FALSE
	EndGlobalSection
	GlobalSection(ExtensibilityGlobals) = postSolution
		SolutionGuid = {B920651D-8125-4CBD-B4DA-52A6EE7EE250}
	EndGlobalSection
EndGlobal
